
Microsoft Visual Studio Solution File, Format Version 12.00
# Visual Studio Version 17
VisualStudioVersion = 17.14.36518.9 d17.14
MinimumVisualStudioVersion = 10.0.40219.1
Project("{FAE04EC0-301F-11D3-BF4B-00C04F79EFBC}") = "Test2", "Test2\Test2.csproj", "{DD42099D-39D7-4A60-B313-D2C88E4E927B}"
EndProject
Global
	GlobalSection(SolutionConfigurationPlatforms) = preSolution
		Debug|Any CPU = Debug|Any CPU
		Release|Any CPU = Release|Any CPU
	EndGlobalSection
	GlobalSection(ProjectConfigurationPlatforms) = postSolution
		{DD42099D-39D7-4A60-B313-D2C88E4E927B}.Debug|Any CPU.ActiveCfg = Debug|Any CPU
		{DD42099D-39D7-4A60-B313-D2C88E4E927B}.Debug|Any CPU.Build.0 = Debug|Any CPU
		{DD42099D-39D7-4A60-B313-D2C88E4E927B}.Release|Any CPU.ActiveCfg = Release|Any CPU
		{DD42099D-39D7-4A60-B313-D2C88E4E927B}.Release|Any CPU.Build.0 = Release|Any CPU
	EndGlobalSection
	GlobalSection(SolutionProperties) = preSolution
		HideSolutionNode = FALSE
	EndGlobalSection
	GlobalSection(ExtensibilityGlobals) = postSolution
		SolutionGuid = {697B67BC-BDD3-478A-A80B-5E79C505DC81}
	EndGlobalSection
EndGlobal
