
Microsoft Visual Studio Solution File, Format Version 12.00
# Visual Studio Version 17
VisualStudioVersion = 17.14.37012.4 d17.14
MinimumVisualStudioVersion = 10.0.40219.1
Project("{FAE04EC0-301F-11D3-BF4B-00C04F79EFBC}") = "project6.3.2026", "project6.3.2026.csproj", "{AFA24D6E-F277-4BF2-8E91-C93D76F2703E}"
EndProject
Global
	GlobalSection(SolutionConfigurationPlatforms) = preSolution
		Debug|Any CPU = Debug|Any CPU
		Release|Any CPU = Release|Any CPU
	EndGlobalSection
	GlobalSection(ProjectConfigurationPlatforms) = postSolution
		{AFA24D6E-F277-4BF2-8E91-C93D76F2703E}.Debug|Any CPU.ActiveCfg = Debug|Any CPU
		{AFA24D6E-F277-4BF2-8E91-C93D76F2703E}.Debug|Any CPU.Build.0 = Debug|Any CPU
		{AFA24D6E-F277-4BF2-8E91-C93D76F2703E}.Release|Any CPU.ActiveCfg = Release|Any CPU
		{AFA24D6E-F277-4BF2-8E91-C93D76F2703E}.Release|Any CPU.Build.0 = Release|Any CPU
	EndGlobalSection
	GlobalSection(SolutionProperties) = preSolution
		HideSolutionNode = FALSE
	EndGlobalSection
	GlobalSection(ExtensibilityGlobals) = postSolution
		SolutionGuid = {6C11A6AB-4ED3-40CD-A718-1E1797E01C47}
	EndGlobalSection
EndGlobal
