
Microsoft Visual Studio Solution File, Format Version 12.00
# Visual Studio Version 17
VisualStudioVersion = 17.14.36518.9 d17.14
MinimumVisualStudioVersion = 10.0.40219.1
Project("{FAE04EC0-301F-11D3-BF4B-00C04F79EFBC}") = "list18_2_2026", "list18_2_2026.csproj", "{27383CCA-E552-4206-B02C-D5421487AF8F}"
EndProject
Global
	GlobalSection(SolutionConfigurationPlatforms) = preSolution
		Debug|Any CPU = Debug|Any CPU
		Release|Any CPU = Release|Any CPU
	EndGlobalSection
	GlobalSection(ProjectConfigurationPlatforms) = postSolution
		{27383CCA-E552-4206-B02C-D5421487AF8F}.Debug|Any CPU.ActiveCfg = Debug|Any CPU
		{27383CCA-E552-4206-B02C-D5421487AF8F}.Debug|Any CPU.Build.0 = Debug|Any CPU
		{27383CCA-E552-4206-B02C-D5421487AF8F}.Release|Any CPU.ActiveCfg = Release|Any CPU
		{27383CCA-E552-4206-B02C-D5421487AF8F}.Release|Any CPU.Build.0 = Release|Any CPU
	EndGlobalSection
	GlobalSection(SolutionProperties) = preSolution
		HideSolutionNode = FALSE
	EndGlobalSection
	GlobalSection(ExtensibilityGlobals) = postSolution
		SolutionGuid = {9CD41EB5-AAB1-4B3A-B358-4005E0B3E874}
	EndGlobalSection
EndGlobal
